
Microsoft Visual Studio Solution File, Format Version 12.00
# Visual Studio Version 17
VisualStudioVersion = 17.3.32825.248
MinimumVisualStudioVersion = 10.0.40219.1
Project("{FAE04EC0-301F-11D3-BF4B-00C04F79EFBC}") = "Trabalho 01 - Exercício 03", "Trabalho 01 - Exercício 03\Trabalho 01 - Exercício 03.csproj", "{7FC6B851-6083-4DEF-902E-4462CC5F811A}"
EndProject
Global
	GlobalSection(SolutionConfigurationPlatforms) = preSolution
		Debug|Any CPU = Debug|Any CPU
		Release|Any CPU = Release|Any CPU
	EndGlobalSection
	GlobalSection(ProjectConfigurationPlatforms) = postSolution
		{7FC6B851-6083-4DEF-902E-4462CC5F811A}.Debug|Any CPU.ActiveCfg = Debug|Any CPU
		{7FC6B851-6083-4DEF-902E-4462CC5F811A}.Debug|Any CPU.Build.0 = Debug|Any CPU
		{7FC6B851-6083-4DEF-902E-4462CC5F811A}.Release|Any CPU.ActiveCfg = Release|Any CPU
		{7FC6B851-6083-4DEF-902E-4462CC5F811A}.Release|Any CPU.Build.0 = Release|Any CPU
	EndGlobalSection
	GlobalSection(SolutionProperties) = preSolution
		HideSolutionNode = FALSE
	EndGlobalSection
	GlobalSection(ExtensibilityGlobals) = postSolution
		SolutionGuid = {4CEFCAE5-18CB-4A35-8E0B-7E2EABDEDA12}
	EndGlobalSection
EndGlobal
